# This file was autogenerated by Stack.
# You should not edit this file by hand.
# For more information, please see the documentation at:
#   https://docs.haskellstack.org/en/stable/lock_files

packages:
- completed:
    name: select
    pantry-tree:
      sha256: b6ae36ccba2a7cdd1ad130575931364002682e532d7043da62771e58294ddb7a
      size: 1256
    sha256: 405255e4ba757c6e9b618c5656d2d062ee16ec6511199dc2a2e1aa056a910ca0
    size: 9254
    url: http://nonempty.org/software/haskell-select/select-0.4.0.1.tar.gz
    version: 0.4.0.1
  original:
    url: http://nonempty.org/software/haskell-select/select-0.4.0.1.tar.gz
snapshots:
- completed:
    sha256: 4c972e067bae16b95961dbfdd12e07f1ee6c8fffabbfa05c3d65100b03f548b7
    size: 650253
    url: https://raw.githubusercontent.com/commercialhaskell/stackage-snapshots/master/lts/20/23.yaml
  original:
    url: https://raw.githubusercontent.com/commercialhaskell/stackage-snapshots/master/lts/20/23.yaml
